// !$*UTF8*$!
{
	archiveVersion = 1;
	classes = {
	};
	objectVersion = 56;
	objects = {

/* Begin PBXBuildFile section */
		B02B42822C806F2E000548BE /* UserLogged.swift in Sources */ = {isa = PBXBuildFile; fileRef = B02B42812C806F2E000548BE /* UserLogged.swift */; };
		B02B42842C874BB7000548BE /* UserParameters.swift in Sources */ = {isa = PBXBuildFile; fileRef = B02B42832C874BB7000548BE /* UserParameters.swift */; };
		B02B42862C874C55000548BE /* UserParametersView.swift in Sources */ = {isa = PBXBuildFile; fileRef = B02B42852C874C55000548BE /* UserParametersView.swift */; };
		B0AD171C2C78E3ED006A1AB8 /* BackendApiMatch.swift in Sources */ = {isa = PBXBuildFile; fileRef = B0AD171B2C78E3ED006A1AB8 /* BackendApiMatch.swift */; };
		B0AD171E2C78E406006A1AB8 /* BackendApiCompetition.swift in Sources */ = {isa = PBXBuildFile; fileRef = B0AD171D2C78E406006A1AB8 /* BackendApiCompetition.swift */; };
		B0AD17202C78E431006A1AB8 /* BackendApiUser.swift in Sources */ = {isa = PBXBuildFile; fileRef = B0AD171F2C78E431006A1AB8 /* BackendApiUser.swift */; };
		B0AD17232C78EAAC006A1AB8 /* BackendApiUserTests.swift in Sources */ = {isa = PBXBuildFile; fileRef = B0AD17222C78EAAC006A1AB8 /* BackendApiUserTests.swift */; };
		B0B6252B2C7CAF2700F6488C /* WebApiTests.swift in Sources */ = {isa = PBXBuildFile; fileRef = B0B6252A2C7CAF2700F6488C /* WebApiTests.swift */; };
		B0B6252D2C7CAF6700F6488C /* WebApiEndpointMock.swift in Sources */ = {isa = PBXBuildFile; fileRef = B0B6252C2C7CAF6700F6488C /* WebApiEndpointMock.swift */; };
		B0B625302C7CD7F700F6488C /* UserLoginView.swift in Sources */ = {isa = PBXBuildFile; fileRef = B0B6252F2C7CD7F700F6488C /* UserLoginView.swift */; };
		B0B625322C7CD90400F6488C /* UserLogin.swift in Sources */ = {isa = PBXBuildFile; fileRef = B0B625312C7CD90400F6488C /* UserLogin.swift */; };
		B0B625362C7CDBFE00F6488C /* Localizable.xcstrings in Resources */ = {isa = PBXBuildFile; fileRef = B0B625352C7CDBFE00F6488C /* Localizable.xcstrings */; };
		B0B6253B2C7DD74D00F6488C /* CallableApi.swift in Sources */ = {isa = PBXBuildFile; fileRef = B0B6253A2C7DD74D00F6488C /* CallableApi.swift */; };
		B0B6253D2C7E5A4C00F6488C /* UserModel.swift in Sources */ = {isa = PBXBuildFile; fileRef = B0B6253C2C7E5A4C00F6488C /* UserModel.swift */; };
		B0DF49AD2C8F6FD900FAED08 /* TeamFlags.xcassets in Resources */ = {isa = PBXBuildFile; fileRef = B0DF49AC2C8F6FD900FAED08 /* TeamFlags.xcassets */; };
		B0DF49AF2C9713DA00FAED08 /* ParametersModel.swift in Sources */ = {isa = PBXBuildFile; fileRef = B0DF49AE2C9713DA00FAED08 /* ParametersModel.swift */; };
		B0DF49B12C986A4800FAED08 /* BackendApiCompetitionEdition.swift in Sources */ = {isa = PBXBuildFile; fileRef = B0DF49B02C986A4800FAED08 /* BackendApiCompetitionEdition.swift */; };
		B0DF49B52C98703B00FAED08 /* BackendApiCompetitionEditionTests.swift in Sources */ = {isa = PBXBuildFile; fileRef = B0DF49B42C98703B00FAED08 /* BackendApiCompetitionEditionTests.swift */; };
		B0E303EF2C733E2900E0877C /* sports_bets_iosApp.swift in Sources */ = {isa = PBXBuildFile; fileRef = B0E303EE2C733E2900E0877C /* sports_bets_iosApp.swift */; };
		B0E303F12C733E2900E0877C /* ContentView.swift in Sources */ = {isa = PBXBuildFile; fileRef = B0E303F02C733E2900E0877C /* ContentView.swift */; };
		B0E303F32C733E2900E0877C /* Item.swift in Sources */ = {isa = PBXBuildFile; fileRef = B0E303F22C733E2900E0877C /* Item.swift */; };
		B0E303F52C733E2B00E0877C /* Assets.xcassets in Resources */ = {isa = PBXBuildFile; fileRef = B0E303F42C733E2B00E0877C /* Assets.xcassets */; };
		B0E303F82C733E2B00E0877C /* Preview Assets.xcassets in Resources */ = {isa = PBXBuildFile; fileRef = B0E303F72C733E2B00E0877C /* Preview Assets.xcassets */; };
		B0E304022C733E2B00E0877C /* sports_bets_iosTests.swift in Sources */ = {isa = PBXBuildFile; fileRef = B0E304012C733E2B00E0877C /* sports_bets_iosTests.swift */; };
		B0E3040C2C733E2B00E0877C /* sports_bets_iosUITests.swift in Sources */ = {isa = PBXBuildFile; fileRef = B0E3040B2C733E2B00E0877C /* sports_bets_iosUITests.swift */; };
		B0E3040E2C733E2B00E0877C /* sports_bets_iosUITestsLaunchTests.swift in Sources */ = {isa = PBXBuildFile; fileRef = B0E3040D2C733E2B00E0877C /* sports_bets_iosUITestsLaunchTests.swift */; };
		B0E304202C7367CA00E0877C /* CompetitionModel.swift in Sources */ = {isa = PBXBuildFile; fileRef = B0E3041F2C7367CA00E0877C /* CompetitionModel.swift */; };
		B0E304222C736A1200E0877C /* CompetitionsLibrary.swift in Sources */ = {isa = PBXBuildFile; fileRef = B0E304212C736A1200E0877C /* CompetitionsLibrary.swift */; };
		B0E304252C73722100E0877C /* BackendApi.swift in Sources */ = {isa = PBXBuildFile; fileRef = B0E304242C73722100E0877C /* BackendApi.swift */; };
		B0E304282C73932B00E0877C /* StringExtensions.swift in Sources */ = {isa = PBXBuildFile; fileRef = B0E304272C73932B00E0877C /* StringExtensions.swift */; };
		B0E3042A2C73997000E0877C /* WebApi.swift in Sources */ = {isa = PBXBuildFile; fileRef = B0E304292C73997000E0877C /* WebApi.swift */; };
		B0E3042C2C748BD400E0877C /* CompetitionsMenuView.swift in Sources */ = {isa = PBXBuildFile; fileRef = B0E3042B2C748BD400E0877C /* CompetitionsMenuView.swift */; };
		B0E3042E2C74C2A600E0877C /* MatchesListView.swift in Sources */ = {isa = PBXBuildFile; fileRef = B0E3042D2C74C2A600E0877C /* MatchesListView.swift */; };
		B0E304302C74C6C700E0877C /* ApiState.swift in Sources */ = {isa = PBXBuildFile; fileRef = B0E3042F2C74C6C700E0877C /* ApiState.swift */; };
		B0E304322C74D75200E0877C /* MatchesBundle.swift in Sources */ = {isa = PBXBuildFile; fileRef = B0E304312C74D75200E0877C /* MatchesBundle.swift */; };
		B0E304362C75EB0800E0877C /* MatchModelTests.swift in Sources */ = {isa = PBXBuildFile; fileRef = B0E304352C75EB0800E0877C /* MatchModelTests.swift */; };
		B0E304382C761FF300E0877C /* MatchView.swift in Sources */ = {isa = PBXBuildFile; fileRef = B0E304372C761FF300E0877C /* MatchView.swift */; };
		B0E3043A2C7640C300E0877C /* MatchModel.swift in Sources */ = {isa = PBXBuildFile; fileRef = B0E304392C7640C300E0877C /* MatchModel.swift */; };
		B0E3043D2C7796EE00E0877C /* CompetitionsLibraryTests.swift in Sources */ = {isa = PBXBuildFile; fileRef = B0E3043C2C7796EE00E0877C /* CompetitionsLibraryTests.swift */; };
		B0E3043F2C7797E000E0877C /* MatchesBundleTests.swift in Sources */ = {isa = PBXBuildFile; fileRef = B0E3043E2C7797E000E0877C /* MatchesBundleTests.swift */; };
		B0E304412C78863E00E0877C /* OptionalExtension.swift in Sources */ = {isa = PBXBuildFile; fileRef = B0E304402C78863E00E0877C /* OptionalExtension.swift */; };
/* End PBXBuildFile section */

/* Begin PBXContainerItemProxy section */
		B0E303FE2C733E2B00E0877C /* PBXContainerItemProxy */ = {
			isa = PBXContainerItemProxy;
			containerPortal = B0E303E32C733E2900E0877C /* Project object */;
			proxyType = 1;
			remoteGlobalIDString = B0E303EA2C733E2900E0877C;
			remoteInfo = "sports-bets-ios";
		};
		B0E304082C733E2B00E0877C /* PBXContainerItemProxy */ = {
			isa = PBXContainerItemProxy;
			containerPortal = B0E303E32C733E2900E0877C /* Project object */;
			proxyType = 1;
			remoteGlobalIDString = B0E303EA2C733E2900E0877C;
			remoteInfo = "sports-bets-ios";
		};
/* End PBXContainerItemProxy section */

/* Begin PBXFileReference section */
		B02B42812C806F2E000548BE /* UserLogged.swift */ = {isa = PBXFileReference; lastKnownFileType = sourcecode.swift; path = UserLogged.swift; sourceTree = "<group>"; };
		B02B42832C874BB7000548BE /* UserParameters.swift */ = {isa = PBXFileReference; lastKnownFileType = sourcecode.swift; path = UserParameters.swift; sourceTree = "<group>"; };
		B02B42852C874C55000548BE /* UserParametersView.swift */ = {isa = PBXFileReference; lastKnownFileType = sourcecode.swift; path = UserParametersView.swift; sourceTree = "<group>"; };
		B0AD171B2C78E3ED006A1AB8 /* BackendApiMatch.swift */ = {isa = PBXFileReference; lastKnownFileType = sourcecode.swift; path = BackendApiMatch.swift; sourceTree = "<group>"; };
		B0AD171D2C78E406006A1AB8 /* BackendApiCompetition.swift */ = {isa = PBXFileReference; lastKnownFileType = sourcecode.swift; path = BackendApiCompetition.swift; sourceTree = "<group>"; };
		B0AD171F2C78E431006A1AB8 /* BackendApiUser.swift */ = {isa = PBXFileReference; lastKnownFileType = sourcecode.swift; path = BackendApiUser.swift; sourceTree = "<group>"; };
		B0AD17222C78EAAC006A1AB8 /* BackendApiUserTests.swift */ = {isa = PBXFileReference; lastKnownFileType = sourcecode.swift; path = BackendApiUserTests.swift; sourceTree = "<group>"; };
		B0B6252A2C7CAF2700F6488C /* WebApiTests.swift */ = {isa = PBXFileReference; lastKnownFileType = sourcecode.swift; path = WebApiTests.swift; sourceTree = "<group>"; };
		B0B6252C2C7CAF6700F6488C /* WebApiEndpointMock.swift */ = {isa = PBXFileReference; lastKnownFileType = sourcecode.swift; path = WebApiEndpointMock.swift; sourceTree = "<group>"; };
		B0B6252E2C7CCF2000F6488C /* sports-bets-ios.xctestplan */ = {isa = PBXFileReference; lastKnownFileType = text; path = "sports-bets-ios.xctestplan"; sourceTree = "<group>"; };
		B0B6252F2C7CD7F700F6488C /* UserLoginView.swift */ = {isa = PBXFileReference; lastKnownFileType = sourcecode.swift; path = UserLoginView.swift; sourceTree = "<group>"; };
		B0B625312C7CD90400F6488C /* UserLogin.swift */ = {isa = PBXFileReference; lastKnownFileType = sourcecode.swift; path = UserLogin.swift; sourceTree = "<group>"; };
		B0B625352C7CDBFE00F6488C /* Localizable.xcstrings */ = {isa = PBXFileReference; lastKnownFileType = text.json.xcstrings; path = Localizable.xcstrings; sourceTree = "<group>"; };
		B0B6253A2C7DD74D00F6488C /* CallableApi.swift */ = {isa = PBXFileReference; lastKnownFileType = sourcecode.swift; path = CallableApi.swift; sourceTree = "<group>"; };
		B0B6253C2C7E5A4C00F6488C /* UserModel.swift */ = {isa = PBXFileReference; lastKnownFileType = sourcecode.swift; path = UserModel.swift; sourceTree = "<group>"; };
		B0DF49AC2C8F6FD900FAED08 /* TeamFlags.xcassets */ = {isa = PBXFileReference; lastKnownFileType = folder.assetcatalog; path = TeamFlags.xcassets; sourceTree = "<group>"; };
		B0DF49AE2C9713DA00FAED08 /* ParametersModel.swift */ = {isa = PBXFileReference; lastKnownFileType = sourcecode.swift; path = ParametersModel.swift; sourceTree = "<group>"; };
		B0DF49B02C986A4800FAED08 /* BackendApiCompetitionEdition.swift */ = {isa = PBXFileReference; lastKnownFileType = sourcecode.swift; path = BackendApiCompetitionEdition.swift; sourceTree = "<group>"; };
		B0DF49B42C98703B00FAED08 /* BackendApiCompetitionEditionTests.swift */ = {isa = PBXFileReference; lastKnownFileType = sourcecode.swift; path = BackendApiCompetitionEditionTests.swift; sourceTree = "<group>"; };
		B0E303EB2C733E2900E0877C /* sports-bets-ios.app */ = {isa = PBXFileReference; explicitFileType = wrapper.application; includeInIndex = 0; path = "sports-bets-ios.app"; sourceTree = BUILT_PRODUCTS_DIR; };
		B0E303EE2C733E2900E0877C /* sports_bets_iosApp.swift */ = {isa = PBXFileReference; lastKnownFileType = sourcecode.swift; path = sports_bets_iosApp.swift; sourceTree = "<group>"; };
		B0E303F02C733E2900E0877C /* ContentView.swift */ = {isa = PBXFileReference; lastKnownFileType = sourcecode.swift; path = ContentView.swift; sourceTree = "<group>"; };
		B0E303F22C733E2900E0877C /* Item.swift */ = {isa = PBXFileReference; lastKnownFileType = sourcecode.swift; path = Item.swift; sourceTree = "<group>"; };
		B0E303F42C733E2B00E0877C /* Assets.xcassets */ = {isa = PBXFileReference; lastKnownFileType = folder.assetcatalog; path = Assets.xcassets; sourceTree = "<group>"; };
		B0E303F72C733E2B00E0877C /* Preview Assets.xcassets */ = {isa = PBXFileReference; lastKnownFileType = folder.assetcatalog; path = "Preview Assets.xcassets"; sourceTree = "<group>"; };
		B0E303FD2C733E2B00E0877C /* sports-bets-iosTests.xctest */ = {isa = PBXFileReference; explicitFileType = wrapper.cfbundle; includeInIndex = 0; path = "sports-bets-iosTests.xctest"; sourceTree = BUILT_PRODUCTS_DIR; };
		B0E304012C733E2B00E0877C /* sports_bets_iosTests.swift */ = {isa = PBXFileReference; lastKnownFileType = sourcecode.swift; path = sports_bets_iosTests.swift; sourceTree = "<group>"; };
		B0E304072C733E2B00E0877C /* sports-bets-iosUITests.xctest */ = {isa = PBXFileReference; explicitFileType = wrapper.cfbundle; includeInIndex = 0; path = "sports-bets-iosUITests.xctest"; sourceTree = BUILT_PRODUCTS_DIR; };
		B0E3040B2C733E2B00E0877C /* sports_bets_iosUITests.swift */ = {isa = PBXFileReference; lastKnownFileType = sourcecode.swift; path = sports_bets_iosUITests.swift; sourceTree = "<group>"; };
		B0E3040D2C733E2B00E0877C /* sports_bets_iosUITestsLaunchTests.swift */ = {isa = PBXFileReference; lastKnownFileType = sourcecode.swift; path = sports_bets_iosUITestsLaunchTests.swift; sourceTree = "<group>"; };
		B0E3041F2C7367CA00E0877C /* CompetitionModel.swift */ = {isa = PBXFileReference; lastKnownFileType = sourcecode.swift; path = CompetitionModel.swift; sourceTree = "<group>"; };
		B0E304212C736A1200E0877C /* CompetitionsLibrary.swift */ = {isa = PBXFileReference; lastKnownFileType = sourcecode.swift; path = CompetitionsLibrary.swift; sourceTree = "<group>"; };
		B0E304242C73722100E0877C /* BackendApi.swift */ = {isa = PBXFileReference; lastKnownFileType = sourcecode.swift; path = BackendApi.swift; sourceTree = "<group>"; };
		B0E304272C73932B00E0877C /* StringExtensions.swift */ = {isa = PBXFileReference; lastKnownFileType = sourcecode.swift; path = StringExtensions.swift; sourceTree = "<group>"; };
		B0E304292C73997000E0877C /* WebApi.swift */ = {isa = PBXFileReference; lastKnownFileType = sourcecode.swift; path = WebApi.swift; sourceTree = "<group>"; };
		B0E3042B2C748BD400E0877C /* CompetitionsMenuView.swift */ = {isa = PBXFileReference; lastKnownFileType = sourcecode.swift; path = CompetitionsMenuView.swift; sourceTree = "<group>"; };
		B0E3042D2C74C2A600E0877C /* MatchesListView.swift */ = {isa = PBXFileReference; lastKnownFileType = sourcecode.swift; path = MatchesListView.swift; sourceTree = "<group>"; };
		B0E3042F2C74C6C700E0877C /* ApiState.swift */ = {isa = PBXFileReference; lastKnownFileType = sourcecode.swift; path = ApiState.swift; sourceTree = "<group>"; };
		B0E304312C74D75200E0877C /* MatchesBundle.swift */ = {isa = PBXFileReference; lastKnownFileType = sourcecode.swift; path = MatchesBundle.swift; sourceTree = "<group>"; };
		B0E304352C75EB0800E0877C /* MatchModelTests.swift */ = {isa = PBXFileReference; lastKnownFileType = sourcecode.swift; path = MatchModelTests.swift; sourceTree = "<group>"; };
		B0E304372C761FF300E0877C /* MatchView.swift */ = {isa = PBXFileReference; lastKnownFileType = sourcecode.swift; path = MatchView.swift; sourceTree = "<group>"; };
		B0E304392C7640C300E0877C /* MatchModel.swift */ = {isa = PBXFileReference; lastKnownFileType = sourcecode.swift; path = MatchModel.swift; sourceTree = "<group>"; };
		B0E3043C2C7796EE00E0877C /* CompetitionsLibraryTests.swift */ = {isa = PBXFileReference; lastKnownFileType = sourcecode.swift; path = CompetitionsLibraryTests.swift; sourceTree = "<group>"; };
		B0E3043E2C7797E000E0877C /* MatchesBundleTests.swift */ = {isa = PBXFileReference; lastKnownFileType = sourcecode.swift; path = MatchesBundleTests.swift; sourceTree = "<group>"; };
		B0E304402C78863E00E0877C /* OptionalExtension.swift */ = {isa = PBXFileReference; lastKnownFileType = sourcecode.swift; path = OptionalExtension.swift; sourceTree = "<group>"; };
/* End PBXFileReference section */

/* Begin PBXFrameworksBuildPhase section */
		B0E303E82C733E2900E0877C /* Frameworks */ = {
			isa = PBXFrameworksBuildPhase;
			buildActionMask = 2147483647;
			files = (
			);
			runOnlyForDeploymentPostprocessing = 0;
		};
		B0E303FA2C733E2B00E0877C /* Frameworks */ = {
			isa = PBXFrameworksBuildPhase;
			buildActionMask = 2147483647;
			files = (
			);
			runOnlyForDeploymentPostprocessing = 0;
		};
		B0E304042C733E2B00E0877C /* Frameworks */ = {
			isa = PBXFrameworksBuildPhase;
			buildActionMask = 2147483647;
			files = (
			);
			runOnlyForDeploymentPostprocessing = 0;
		};
/* End PBXFrameworksBuildPhase section */

/* Begin PBXGroup section */
		B0AD17172C78E303006A1AB8 /* BackendApi */ = {
			isa = PBXGroup;
			children = (
				B0E304242C73722100E0877C /* BackendApi.swift */,
				B0AD171B2C78E3ED006A1AB8 /* BackendApiMatch.swift */,
				B0AD171D2C78E406006A1AB8 /* BackendApiCompetition.swift */,
				B0DF49B02C986A4800FAED08 /* BackendApiCompetitionEdition.swift */,
				B0AD171F2C78E431006A1AB8 /* BackendApiUser.swift */,
			);
			path = BackendApi;
			sourceTree = "<group>";
		};
		B0AD17212C78EA95006A1AB8 /* BackendApi */ = {
			isa = PBXGroup;
			children = (
				B0AD17222C78EAAC006A1AB8 /* BackendApiUserTests.swift */,
				B0DF49B42C98703B00FAED08 /* BackendApiCompetitionEditionTests.swift */,
			);
			path = BackendApi;
			sourceTree = "<group>";
		};
		B0B625332C7CDB9600F6488C /* SupportingFiles */ = {
			isa = PBXGroup;
			children = (
				B0B625342C7CDBAB00F6488C /* Localization */,
				B0DF49AC2C8F6FD900FAED08 /* TeamFlags.xcassets */,
			);
			path = SupportingFiles;
			sourceTree = "<group>";
		};
		B0B625342C7CDBAB00F6488C /* Localization */ = {
			isa = PBXGroup;
			children = (
				B0B625352C7CDBFE00F6488C /* Localizable.xcstrings */,
			);
			path = Localization;
			sourceTree = "<group>";
		};
		B0B625372C7D0E8B00F6488C /* Screen */ = {
			isa = PBXGroup;
			children = (
				B0E3042B2C748BD400E0877C /* CompetitionsMenuView.swift */,
				B0E3042D2C74C2A600E0877C /* MatchesListView.swift */,
				B0B6252F2C7CD7F700F6488C /* UserLoginView.swift */,
				B02B42852C874C55000548BE /* UserParametersView.swift */,
			);
			path = Screen;
			sourceTree = "<group>";
		};
		B0B625382C7DCBA200F6488C /* Common */ = {
			isa = PBXGroup;
			children = (
				B0B625392C7DCBB400F6488C /* Network */,
				B0E304262C7392F900E0877C /* Extensions */,
			);
			path = Common;
			sourceTree = "<group>";
		};
		B0B625392C7DCBB400F6488C /* Network */ = {
			isa = PBXGroup;
			children = (
				B0E3042F2C74C6C700E0877C /* ApiState.swift */,
				B0B6253A2C7DD74D00F6488C /* CallableApi.swift */,
				B0E304292C73997000E0877C /* WebApi.swift */,
			);
			path = Network;
			sourceTree = "<group>";
		};
		B0E303E22C733E2900E0877C = {
			isa = PBXGroup;
			children = (
				B0B6252E2C7CCF2000F6488C /* sports-bets-ios.xctestplan */,
				B0E303ED2C733E2900E0877C /* sports-bets-ios */,
				B0E304002C733E2B00E0877C /* sports-bets-iosTests */,
				B0E3040A2C733E2B00E0877C /* sports-bets-iosUITests */,
				B0E303EC2C733E2900E0877C /* Products */,
			);
			sourceTree = "<group>";
		};
		B0E303EC2C733E2900E0877C /* Products */ = {
			isa = PBXGroup;
			children = (
				B0E303EB2C733E2900E0877C /* sports-bets-ios.app */,
				B0E303FD2C733E2B00E0877C /* sports-bets-iosTests.xctest */,
				B0E304072C733E2B00E0877C /* sports-bets-iosUITests.xctest */,
			);
			name = Products;
			sourceTree = "<group>";
		};
		B0E303ED2C733E2900E0877C /* sports-bets-ios */ = {
			isa = PBXGroup;
			children = (
				B0B625382C7DCBA200F6488C /* Common */,
				B0B625332C7CDB9600F6488C /* SupportingFiles */,
				B0E304232C73720B00E0877C /* Network */,
				B0E3041A2C733EA800E0877C /* Model */,
				B0E3041B2C733EB200E0877C /* ViewModel */,
				B0E3041C2C733EB800E0877C /* View */,
				B0B625372C7D0E8B00F6488C /* Screen */,
				B0E303F02C733E2900E0877C /* ContentView.swift */,
				B0E303EE2C733E2900E0877C /* sports_bets_iosApp.swift */,
				B0E303F22C733E2900E0877C /* Item.swift */,
				B0E303F42C733E2B00E0877C /* Assets.xcassets */,
				B0E303F62C733E2B00E0877C /* Preview Content */,
			);
			path = "sports-bets-ios";
			sourceTree = "<group>";
		};
		B0E303F62C733E2B00E0877C /* Preview Content */ = {
			isa = PBXGroup;
			children = (
				B0E303F72C733E2B00E0877C /* Preview Assets.xcassets */,
			);
			path = "Preview Content";
			sourceTree = "<group>";
		};
		B0E304002C733E2B00E0877C /* sports-bets-iosTests */ = {
			isa = PBXGroup;
			children = (
				B0E304332C75EA8500E0877C /* Network */,
				B0E304342C75EA9400E0877C /* Model */,
				B0E3043B2C7796D400E0877C /* ViewModel */,
				B0E304012C733E2B00E0877C /* sports_bets_iosTests.swift */,
			);
			path = "sports-bets-iosTests";
			sourceTree = "<group>";
		};
		B0E3040A2C733E2B00E0877C /* sports-bets-iosUITests */ = {
			isa = PBXGroup;
			children = (
				B0E3040B2C733E2B00E0877C /* sports_bets_iosUITests.swift */,
				B0E3040D2C733E2B00E0877C /* sports_bets_iosUITestsLaunchTests.swift */,
			);
			path = "sports-bets-iosUITests";
			sourceTree = "<group>";
		};
		B0E3041A2C733EA800E0877C /* Model */ = {
			isa = PBXGroup;
			children = (
				B0E3041F2C7367CA00E0877C /* CompetitionModel.swift */,
				B0E304392C7640C300E0877C /* MatchModel.swift */,
				B0B6253C2C7E5A4C00F6488C /* UserModel.swift */,
				B0DF49AE2C9713DA00FAED08 /* ParametersModel.swift */,
			);
			path = Model;
			sourceTree = "<group>";
		};
		B0E3041B2C733EB200E0877C /* ViewModel */ = {
			isa = PBXGroup;
			children = (
				B0E304212C736A1200E0877C /* CompetitionsLibrary.swift */,
				B0E304312C74D75200E0877C /* MatchesBundle.swift */,
				B0B625312C7CD90400F6488C /* UserLogin.swift */,
				B02B42812C806F2E000548BE /* UserLogged.swift */,
				B02B42832C874BB7000548BE /* UserParameters.swift */,
			);
			path = ViewModel;
			sourceTree = "<group>";
		};
		B0E3041C2C733EB800E0877C /* View */ = {
			isa = PBXGroup;
			children = (
				B0E304372C761FF300E0877C /* MatchView.swift */,
			);
			path = View;
			sourceTree = "<group>";
		};
		B0E304232C73720B00E0877C /* Network */ = {
			isa = PBXGroup;
			children = (
				B0AD17172C78E303006A1AB8 /* BackendApi */,
			);
			path = Network;
			sourceTree = "<group>";
		};
		B0E304262C7392F900E0877C /* Extensions */ = {
			isa = PBXGroup;
			children = (
				B0E304272C73932B00E0877C /* StringExtensions.swift */,
				B0E304402C78863E00E0877C /* OptionalExtension.swift */,
			);
			path = Extensions;
			sourceTree = "<group>";
		};
		B0E304332C75EA8500E0877C /* Network */ = {
			isa = PBXGroup;
			children = (
				B0AD17212C78EA95006A1AB8 /* BackendApi */,
				B0B6252A2C7CAF2700F6488C /* WebApiTests.swift */,
				B0B6252C2C7CAF6700F6488C /* WebApiEndpointMock.swift */,
			);
			path = Network;
			sourceTree = "<group>";
		};
		B0E304342C75EA9400E0877C /* Model */ = {
			isa = PBXGroup;
			children = (
				B0E304352C75EB0800E0877C /* MatchModelTests.swift */,
			);
			path = Model;
			sourceTree = "<group>";
		};
		B0E3043B2C7796D400E0877C /* ViewModel */ = {
			isa = PBXGroup;
			children = (
				B0E3043C2C7796EE00E0877C /* CompetitionsLibraryTests.swift */,
				B0E3043E2C7797E000E0877C /* MatchesBundleTests.swift */,
			);
			path = ViewModel;
			sourceTree = "<group>";
		};
/* End PBXGroup section */

/* Begin PBXNativeTarget section */
		B0E303EA2C733E2900E0877C /* sports-bets-ios */ = {
			isa = PBXNativeTarget;
			buildConfigurationList = B0E304112C733E2B00E0877C /* Build configuration list for PBXNativeTarget "sports-bets-ios" */;
			buildPhases = (
				B0E303E72C733E2900E0877C /* Sources */,
				B0E303E82C733E2900E0877C /* Frameworks */,
				B0E303E92C733E2900E0877C /* Resources */,
			);
			buildRules = (
			);
			dependencies = (
			);
			name = "sports-bets-ios";
			productName = "sports-bets-ios";
			productReference = B0E303EB2C733E2900E0877C /* sports-bets-ios.app */;
			productType = "com.apple.product-type.application";
		};
		B0E303FC2C733E2B00E0877C /* sports-bets-iosTests */ = {
			isa = PBXNativeTarget;
			buildConfigurationList = B0E304142C733E2B00E0877C /* Build configuration list for PBXNativeTarget "sports-bets-iosTests" */;
			buildPhases = (
				B0E303F92C733E2B00E0877C /* Sources */,
				B0E303FA2C733E2B00E0877C /* Frameworks */,
				B0E303FB2C733E2B00E0877C /* Resources */,
			);
			buildRules = (
			);
			dependencies = (
				B0E303FF2C733E2B00E0877C /* PBXTargetDependency */,
			);
			name = "sports-bets-iosTests";
			productName = "sports-bets-iosTests";
			productReference = B0E303FD2C733E2B00E0877C /* sports-bets-iosTests.xctest */;
			productType = "com.apple.product-type.bundle.unit-test";
		};
		B0E304062C733E2B00E0877C /* sports-bets-iosUITests */ = {
			isa = PBXNativeTarget;
			buildConfigurationList = B0E304172C733E2B00E0877C /* Build configuration list for PBXNativeTarget "sports-bets-iosUITests" */;
			buildPhases = (
				B0E304032C733E2B00E0877C /* Sources */,
				B0E304042C733E2B00E0877C /* Frameworks */,
				B0E304052C733E2B00E0877C /* Resources */,
			);
			buildRules = (
			);
			dependencies = (
				B0E304092C733E2B00E0877C /* PBXTargetDependency */,
			);
			name = "sports-bets-iosUITests";
			productName = "sports-bets-iosUITests";
			productReference = B0E304072C733E2B00E0877C /* sports-bets-iosUITests.xctest */;
			productType = "com.apple.product-type.bundle.ui-testing";
		};
/* End PBXNativeTarget section */

/* Begin PBXProject section */
		B0E303E32C733E2900E0877C /* Project object */ = {
			isa = PBXProject;
			attributes = {
				BuildIndependentTargetsInParallel = 1;
				LastSwiftUpdateCheck = 1540;
				LastUpgradeCheck = 1540;
				TargetAttributes = {
					B0E303EA2C733E2900E0877C = {
						CreatedOnToolsVersion = 15.4;
					};
					B0E303FC2C733E2B00E0877C = {
						CreatedOnToolsVersion = 15.4;
						TestTargetID = B0E303EA2C733E2900E0877C;
					};
					B0E304062C733E2B00E0877C = {
						CreatedOnToolsVersion = 15.4;
						TestTargetID = B0E303EA2C733E2900E0877C;
					};
				};
			};
			buildConfigurationList = B0E303E62C733E2900E0877C /* Build configuration list for PBXProject "sports-bets-ios" */;
			compatibilityVersion = "Xcode 14.0";
			developmentRegion = en;
			hasScannedForEncodings = 0;
			knownRegions = (
				en,
				Base,
				fr,
			);
			mainGroup = B0E303E22C733E2900E0877C;
			productRefGroup = B0E303EC2C733E2900E0877C /* Products */;
			projectDirPath = "";
			projectRoot = "";
			targets = (
				B0E303EA2C733E2900E0877C /* sports-bets-ios */,
				B0E303FC2C733E2B00E0877C /* sports-bets-iosTests */,
				B0E304062C733E2B00E0877C /* sports-bets-iosUITests */,
			);
		};
/* End PBXProject section */

/* Begin PBXResourcesBuildPhase section */
		B0E303E92C733E2900E0877C /* Resources */ = {
			isa = PBXResourcesBuildPhase;
			buildActionMask = 2147483647;
			files = (
				B0E303F82C733E2B00E0877C /* Preview Assets.xcassets in Resources */,
				B0E303F52C733E2B00E0877C /* Assets.xcassets in Resources */,
				B0DF49AD2C8F6FD900FAED08 /* TeamFlags.xcassets in Resources */,
				B0B625362C7CDBFE00F6488C /* Localizable.xcstrings in Resources */,
			);
			runOnlyForDeploymentPostprocessing = 0;
		};
		B0E303FB2C733E2B00E0877C /* Resources */ = {
			isa = PBXResourcesBuildPhase;
			buildActionMask = 2147483647;
			files = (
			);
			runOnlyForDeploymentPostprocessing = 0;
		};
		B0E304052C733E2B00E0877C /* Resources */ = {
			isa = PBXResourcesBuildPhase;
			buildActionMask = 2147483647;
			files = (
			);
			runOnlyForDeploymentPostprocessing = 0;
		};
/* End PBXResourcesBuildPhase section */

/* Begin PBXSourcesBuildPhase section */
		B0E303E72C733E2900E0877C /* Sources */ = {
			isa = PBXSourcesBuildPhase;
			buildActionMask = 2147483647;
			files = (
				B0E304282C73932B00E0877C /* StringExtensions.swift in Sources */,
				B0E303F12C733E2900E0877C /* ContentView.swift in Sources */,
				B0B6253B2C7DD74D00F6488C /* CallableApi.swift in Sources */,
				B0E3042E2C74C2A600E0877C /* MatchesListView.swift in Sources */,
				B0AD17202C78E431006A1AB8 /* BackendApiUser.swift in Sources */,
				B0E3042C2C748BD400E0877C /* CompetitionsMenuView.swift in Sources */,
				B0E304382C761FF300E0877C /* MatchView.swift in Sources */,
				B0B625322C7CD90400F6488C /* UserLogin.swift in Sources */,
				B0E304412C78863E00E0877C /* OptionalExtension.swift in Sources */,
				B0B6253D2C7E5A4C00F6488C /* UserModel.swift in Sources */,
				B0E304202C7367CA00E0877C /* CompetitionModel.swift in Sources */,
				B0B625302C7CD7F700F6488C /* UserLoginView.swift in Sources */,
				B0E304302C74C6C700E0877C /* ApiState.swift in Sources */,
				B0DF49B12C986A4800FAED08 /* BackendApiCompetitionEdition.swift in Sources */,
				B0DF49AF2C9713DA00FAED08 /* ParametersModel.swift in Sources */,
				B0E3043A2C7640C300E0877C /* MatchModel.swift in Sources */,
				B0E304322C74D75200E0877C /* MatchesBundle.swift in Sources */,
				B0E303F32C733E2900E0877C /* Item.swift in Sources */,
				B0E304222C736A1200E0877C /* CompetitionsLibrary.swift in Sources */,
				B0E3042A2C73997000E0877C /* WebApi.swift in Sources */,
				B02B42842C874BB7000548BE /* UserParameters.swift in Sources */,
				B02B42862C874C55000548BE /* UserParametersView.swift in Sources */,
				B0E303EF2C733E2900E0877C /* sports_bets_iosApp.swift in Sources */,
				B02B42822C806F2E000548BE /* UserLogged.swift in Sources */,
				B0AD171C2C78E3ED006A1AB8 /* BackendApiMatch.swift in Sources */,
				B0AD171E2C78E406006A1AB8 /* BackendApiCompetition.swift in Sources */,
				B0E304252C73722100E0877C /* BackendApi.swift in Sources */,
			);
			runOnlyForDeploymentPostprocessing = 0;
		};
		B0E303F92C733E2B00E0877C /* Sources */ = {
			isa = PBXSourcesBuildPhase;
			buildActionMask = 2147483647;
			files = (
				B0E3043D2C7796EE00E0877C /* CompetitionsLibraryTests.swift in Sources */,
				B0B6252B2C7CAF2700F6488C /* WebApiTests.swift in Sources */,
				B0B6252D2C7CAF6700F6488C /* WebApiEndpointMock.swift in Sources */,
				B0AD17232C78EAAC006A1AB8 /* BackendApiUserTests.swift in Sources */,
				B0E3043F2C7797E000E0877C /* MatchesBundleTests.swift in Sources */,
				B0E304022C733E2B00E0877C /* sports_bets_iosTests.swift in Sources */,
				B0E304362C75EB0800E0877C /* MatchModelTests.swift in Sources */,
				B0DF49B52C98703B00FAED08 /* BackendApiCompetitionEditionTests.swift in Sources */,
			);
			runOnlyForDeploymentPostprocessing = 0;
		};
		B0E304032C733E2B00E0877C /* Sources */ = {
			isa = PBXSourcesBuildPhase;
			buildActionMask = 2147483647;
			files = (
				B0E3040C2C733E2B00E0877C /* sports_bets_iosUITests.swift in Sources */,
				B0E3040E2C733E2B00E0877C /* sports_bets_iosUITestsLaunchTests.swift in Sources */,
			);
			runOnlyForDeploymentPostprocessing = 0;
		};
/* End PBXSourcesBuildPhase section */

/* Begin PBXTargetDependency section */
		B0E303FF2C733E2B00E0877C /* PBXTargetDependency */ = {
			isa = PBXTargetDependency;
			target = B0E303EA2C733E2900E0877C /* sports-bets-ios */;
			targetProxy = B0E303FE2C733E2B00E0877C /* PBXContainerItemProxy */;
		};
		B0E304092C733E2B00E0877C /* PBXTargetDependency */ = {
			isa = PBXTargetDependency;
			target = B0E303EA2C733E2900E0877C /* sports-bets-ios */;
			targetProxy = B0E304082C733E2B00E0877C /* PBXContainerItemProxy */;
		};
/* End PBXTargetDependency section */

/* Begin XCBuildConfiguration section */
		B0E3040F2C733E2B00E0877C /* Debug */ = {
			isa = XCBuildConfiguration;
			buildSettings = {
				ALWAYS_SEARCH_USER_PATHS = NO;
				ASSETCATALOG_COMPILER_GENERATE_SWIFT_ASSET_SYMBOL_EXTENSIONS = YES;
				CLANG_ANALYZER_NONNULL = YES;
				CLANG_ANALYZER_NUMBER_OBJECT_CONVERSION = YES_AGGRESSIVE;
				CLANG_CXX_LANGUAGE_STANDARD = "gnu++20";
				CLANG_ENABLE_MODULES = YES;
				CLANG_ENABLE_OBJC_ARC = YES;
				CLANG_ENABLE_OBJC_WEAK = YES;
				CLANG_WARN_BLOCK_CAPTURE_AUTORELEASING = YES;
				CLANG_WARN_BOOL_CONVERSION = YES;
				CLANG_WARN_COMMA = YES;
				CLANG_WARN_CONSTANT_CONVERSION = YES;
				CLANG_WARN_DEPRECATED_OBJC_IMPLEMENTATIONS = YES;
				CLANG_WARN_DIRECT_OBJC_ISA_USAGE = YES_ERROR;
				CLANG_WARN_DOCUMENTATION_COMMENTS = YES;
				CLANG_WARN_EMPTY_BODY = YES;
				CLANG_WARN_ENUM_CONVERSION = YES;
				CLANG_WARN_INFINITE_RECURSION = YES;
				CLANG_WARN_INT_CONVERSION = YES;
				CLANG_WARN_NON_LITERAL_NULL_CONVERSION = YES;
				CLANG_WARN_OBJC_IMPLICIT_RETAIN_SELF = YES;
				CLANG_WARN_OBJC_LITERAL_CONVERSION = YES;
				CLANG_WARN_OBJC_ROOT_CLASS = YES_ERROR;
				CLANG_WARN_QUOTED_INCLUDE_IN_FRAMEWORK_HEADER = YES;
				CLANG_WARN_RANGE_LOOP_ANALYSIS = YES;
				CLANG_WARN_STRICT_PROTOTYPES = YES;
				CLANG_WARN_SUSPICIOUS_MOVE = YES;
				CLANG_WARN_UNGUARDED_AVAILABILITY = YES_AGGRESSIVE;
				CLANG_WARN_UNREACHABLE_CODE = YES;
				CLANG_WARN__DUPLICATE_METHOD_MATCH = YES;
				COPY_PHASE_STRIP = NO;
				DEBUG_INFORMATION_FORMAT = dwarf;
				ENABLE_STRICT_OBJC_MSGSEND = YES;
				ENABLE_TESTABILITY = YES;
				ENABLE_USER_SCRIPT_SANDBOXING = YES;
				GCC_C_LANGUAGE_STANDARD = gnu17;
				GCC_DYNAMIC_NO_PIC = NO;
				GCC_NO_COMMON_BLOCKS = YES;
				GCC_OPTIMIZATION_LEVEL = 0;
				GCC_PREPROCESSOR_DEFINITIONS = (
					"DEBUG=1",
					"$(inherited)",
				);
				GCC_WARN_64_TO_32_BIT_CONVERSION = YES;
				GCC_WARN_ABOUT_RETURN_TYPE = YES_ERROR;
				GCC_WARN_UNDECLARED_SELECTOR = YES;
				GCC_WARN_UNINITIALIZED_AUTOS = YES_AGGRESSIVE;
				GCC_WARN_UNUSED_FUNCTION = YES;
				GCC_WARN_UNUSED_VARIABLE = YES;
				IPHONEOS_DEPLOYMENT_TARGET = 17.5;
				LOCALIZATION_PREFERS_STRING_CATALOGS = YES;
				MTL_ENABLE_DEBUG_INFO = INCLUDE_SOURCE;
				MTL_FAST_MATH = YES;
				ONLY_ACTIVE_ARCH = YES;
				SDKROOT = iphoneos;
				SWIFT_ACTIVE_COMPILATION_CONDITIONS = "DEBUG $(inherited)";
				SWIFT_OPTIMIZATION_LEVEL = "-Onone";
			};
			name = Debug;
		};
		B0E304102C733E2B00E0877C /* Release */ = {
			isa = XCBuildConfiguration;
			buildSettings = {
				ALWAYS_SEARCH_USER_PATHS = NO;
				ASSETCATALOG_COMPILER_GENERATE_SWIFT_ASSET_SYMBOL_EXTENSIONS = YES;
				CLANG_ANALYZER_NONNULL = YES;
				CLANG_ANALYZER_NUMBER_OBJECT_CONVERSION = YES_AGGRESSIVE;
				CLANG_CXX_LANGUAGE_STANDARD = "gnu++20";
				CLANG_ENABLE_MODULES = YES;
				CLANG_ENABLE_OBJC_ARC = YES;
				CLANG_ENABLE_OBJC_WEAK = YES;
				CLANG_WARN_BLOCK_CAPTURE_AUTORELEASING = YES;
				CLANG_WARN_BOOL_CONVERSION = YES;
				CLANG_WARN_COMMA = YES;
				CLANG_WARN_CONSTANT_CONVERSION = YES;
				CLANG_WARN_DEPRECATED_OBJC_IMPLEMENTATIONS = YES;
				CLANG_WARN_DIRECT_OBJC_ISA_USAGE = YES_ERROR;
				CLANG_WARN_DOCUMENTATION_COMMENTS = YES;
				CLANG_WARN_EMPTY_BODY = YES;
				CLANG_WARN_ENUM_CONVERSION = YES;
				CLANG_WARN_INFINITE_RECURSION = YES;
				CLANG_WARN_INT_CONVERSION = YES;
				CLANG_WARN_NON_LITERAL_NULL_CONVERSION = YES;
				CLANG_WARN_OBJC_IMPLICIT_RETAIN_SELF = YES;
				CLANG_WARN_OBJC_LITERAL_CONVERSION = YES;
				CLANG_WARN_OBJC_ROOT_CLASS = YES_ERROR;
				CLANG_WARN_QUOTED_INCLUDE_IN_FRAMEWORK_HEADER = YES;
				CLANG_WARN_RANGE_LOOP_ANALYSIS = YES;
				CLANG_WARN_STRICT_PROTOTYPES = YES;
				CLANG_WARN_SUSPICIOUS_MOVE = YES;
				CLANG_WARN_UNGUARDED_AVAILABILITY = YES_AGGRESSIVE;
				CLANG_WARN_UNREACHABLE_CODE = YES;
				CLANG_WARN__DUPLICATE_METHOD_MATCH = YES;
				COPY_PHASE_STRIP = NO;
				DEBUG_INFORMATION_FORMAT = "dwarf-with-dsym";
				ENABLE_NS_ASSERTIONS = NO;
				ENABLE_STRICT_OBJC_MSGSEND = YES;
				ENABLE_USER_SCRIPT_SANDBOXING = YES;
				GCC_C_LANGUAGE_STANDARD = gnu17;
				GCC_NO_COMMON_BLOCKS = YES;
				GCC_WARN_64_TO_32_BIT_CONVERSION = YES;
				GCC_WARN_ABOUT_RETURN_TYPE = YES_ERROR;
				GCC_WARN_UNDECLARED_SELECTOR = YES;
				GCC_WARN_UNINITIALIZED_AUTOS = YES_AGGRESSIVE;
				GCC_WARN_UNUSED_FUNCTION = YES;
				GCC_WARN_UNUSED_VARIABLE = YES;
				IPHONEOS_DEPLOYMENT_TARGET = 17.5;
				LOCALIZATION_PREFERS_STRING_CATALOGS = YES;
				MTL_ENABLE_DEBUG_INFO = NO;
				MTL_FAST_MATH = YES;
				SDKROOT = iphoneos;
				SWIFT_COMPILATION_MODE = wholemodule;
				VALIDATE_PRODUCT = YES;
			};
			name = Release;
		};
		B0E304122C733E2B00E0877C /* Debug */ = {
			isa = XCBuildConfiguration;
			buildSettings = {
				ASSETCATALOG_COMPILER_APPICON_NAME = AppIcon;
				ASSETCATALOG_COMPILER_GLOBAL_ACCENT_COLOR_NAME = AccentColor;
				CODE_SIGN_STYLE = Automatic;
				CURRENT_PROJECT_VERSION = 1;
				DEVELOPMENT_ASSET_PATHS = "\"sports-bets-ios/Preview Content\"";
				DEVELOPMENT_TEAM = 9N3YH5DLHZ;
				ENABLE_PREVIEWS = YES;
				GENERATE_INFOPLIST_FILE = YES;
				INFOPLIST_KEY_UIApplicationSceneManifest_Generation = YES;
				INFOPLIST_KEY_UIApplicationSupportsIndirectInputEvents = YES;
				INFOPLIST_KEY_UILaunchScreen_Generation = YES;
				INFOPLIST_KEY_UISupportedInterfaceOrientations_iPad = "UIInterfaceOrientationPortrait UIInterfaceOrientationPortraitUpsideDown UIInterfaceOrientationLandscapeLeft UIInterfaceOrientationLandscapeRight";
				INFOPLIST_KEY_UISupportedInterfaceOrientations_iPhone = "UIInterfaceOrientationPortrait UIInterfaceOrientationLandscapeLeft UIInterfaceOrientationLandscapeRight";
				IPHONEOS_DEPLOYMENT_TARGET = 17.0;
				LD_RUNPATH_SEARCH_PATHS = (
					"$(inherited)",
					"@executable_path/Frameworks",
				);
				MARKETING_VERSION = 1.0;
				PRODUCT_BUNDLE_IDENTIFIER = "mousquetaire-softwares.sports-bets-ios";
				PRODUCT_NAME = "$(TARGET_NAME)";
				SWIFT_EMIT_LOC_STRINGS = YES;
				SWIFT_VERSION = 5.0;
				TARGETED_DEVICE_FAMILY = "1,2";
			};
			name = Debug;
		};
		B0E304132C733E2B00E0877C /* Release */ = {
			isa = XCBuildConfiguration;
			buildSettings = {
				ASSETCATALOG_COMPILER_APPICON_NAME = AppIcon;
				ASSETCATALOG_COMPILER_GLOBAL_ACCENT_COLOR_NAME = AccentColor;
				CODE_SIGN_STYLE = Automatic;
				CURRENT_PROJECT_VERSION = 1;
				DEVELOPMENT_ASSET_PATHS = "\"sports-bets-ios/Preview Content\"";
				DEVELOPMENT_TEAM = 9N3YH5DLHZ;
				ENABLE_PREVIEWS = YES;
				GENERATE_INFOPLIST_FILE = YES;
				INFOPLIST_KEY_UIApplicationSceneManifest_Generation = YES;
				INFOPLIST_KEY_UIApplicationSupportsIndirectInputEvents = YES;
				INFOPLIST_KEY_UILaunchScreen_Generation = YES;
				INFOPLIST_KEY_UISupportedInterfaceOrientations_iPad = "UIInterfaceOrientationPortrait UIInterfaceOrientationPortraitUpsideDown UIInterfaceOrientationLandscapeLeft UIInterfaceOrientationLandscapeRight";
				INFOPLIST_KEY_UISupportedInterfaceOrientations_iPhone = "UIInterfaceOrientationPortrait UIInterfaceOrientationLandscapeLeft UIInterfaceOrientationLandscapeRight";
				IPHONEOS_DEPLOYMENT_TARGET = 17.0;
				LD_RUNPATH_SEARCH_PATHS = (
					"$(inherited)",
					"@executable_path/Frameworks",
				);
				MARKETING_VERSION = 1.0;
				PRODUCT_BUNDLE_IDENTIFIER = "mousquetaire-softwares.sports-bets-ios";
				PRODUCT_NAME = "$(TARGET_NAME)";
				SWIFT_EMIT_LOC_STRINGS = YES;
				SWIFT_VERSION = 5.0;
				TARGETED_DEVICE_FAMILY = "1,2";
			};
			name = Release;
		};
		B0E304152C733E2B00E0877C /* Debug */ = {
			isa = XCBuildConfiguration;
			buildSettings = {
				ALWAYS_EMBED_SWIFT_STANDARD_LIBRARIES = YES;
				BUNDLE_LOADER = "$(TEST_HOST)";
				CODE_SIGN_STYLE = Automatic;
				CURRENT_PROJECT_VERSION = 1;
				DEVELOPMENT_TEAM = 9N3YH5DLHZ;
				GENERATE_INFOPLIST_FILE = YES;
				IPHONEOS_DEPLOYMENT_TARGET = 17.5;
				MARKETING_VERSION = 1.0;
				PRODUCT_BUNDLE_IDENTIFIER = "mousquetaire-softwares.sports-bets-iosTests";
				PRODUCT_NAME = "$(TARGET_NAME)";
				SWIFT_EMIT_LOC_STRINGS = NO;
				SWIFT_VERSION = 5.0;
				TARGETED_DEVICE_FAMILY = "1,2";
				TEST_HOST = "$(BUILT_PRODUCTS_DIR)/sports-bets-ios.app/$(BUNDLE_EXECUTABLE_FOLDER_PATH)/sports-bets-ios";
			};
			name = Debug;
		};
		B0E304162C733E2B00E0877C /* Release */ = {
			isa = XCBuildConfiguration;
			buildSettings = {
				ALWAYS_EMBED_SWIFT_STANDARD_LIBRARIES = YES;
				BUNDLE_LOADER = "$(TEST_HOST)";
				CODE_SIGN_STYLE = Automatic;
				CURRENT_PROJECT_VERSION = 1;
				DEVELOPMENT_TEAM = 9N3YH5DLHZ;
				GENERATE_INFOPLIST_FILE = YES;
				IPHONEOS_DEPLOYMENT_TARGET = 17.5;
				MARKETING_VERSION = 1.0;
				PRODUCT_BUNDLE_IDENTIFIER = "mousquetaire-softwares.sports-bets-iosTests";
				PRODUCT_NAME = "$(TARGET_NAME)";
				SWIFT_EMIT_LOC_STRINGS = NO;
				SWIFT_VERSION = 5.0;
				TARGETED_DEVICE_FAMILY = "1,2";
				TEST_HOST = "$(BUILT_PRODUCTS_DIR)/sports-bets-ios.app/$(BUNDLE_EXECUTABLE_FOLDER_PATH)/sports-bets-ios";
			};
			name = Release;
		};
		B0E304182C733E2B00E0877C /* Debug */ = {
			isa = XCBuildConfiguration;
			buildSettings = {
				ALWAYS_EMBED_SWIFT_STANDARD_LIBRARIES = YES;
				CODE_SIGN_STYLE = Automatic;
				CURRENT_PROJECT_VERSION = 1;
				DEVELOPMENT_TEAM = 9N3YH5DLHZ;
				GENERATE_INFOPLIST_FILE = YES;
				MARKETING_VERSION = 1.0;
				PRODUCT_BUNDLE_IDENTIFIER = "mousquetaire-softwares.sports-bets-iosUITests";
				PRODUCT_NAME = "$(TARGET_NAME)";
				SWIFT_EMIT_LOC_STRINGS = NO;
				SWIFT_VERSION = 5.0;
				TARGETED_DEVICE_FAMILY = "1,2";
				TEST_TARGET_NAME = "sports-bets-ios";
			};
			name = Debug;
		};
		B0E304192C733E2B00E0877C /* Release */ = {
			isa = XCBuildConfiguration;
			buildSettings = {
				ALWAYS_EMBED_SWIFT_STANDARD_LIBRARIES = YES;
				CODE_SIGN_STYLE = Automatic;
				CURRENT_PROJECT_VERSION = 1;
				DEVELOPMENT_TEAM = 9N3YH5DLHZ;
				GENERATE_INFOPLIST_FILE = YES;
				MARKETING_VERSION = 1.0;
				PRODUCT_BUNDLE_IDENTIFIER = "mousquetaire-softwares.sports-bets-iosUITests";
				PRODUCT_NAME = "$(TARGET_NAME)";
				SWIFT_EMIT_LOC_STRINGS = NO;
				SWIFT_VERSION = 5.0;
				TARGETED_DEVICE_FAMILY = "1,2";
				TEST_TARGET_NAME = "sports-bets-ios";
			};
			name = Release;
		};
/* End XCBuildConfiguration section */

/* Begin XCConfigurationList section */
		B0E303E62C733E2900E0877C /* Build configuration list for PBXProject "sports-bets-ios" */ = {
			isa = XCConfigurationList;
			buildConfigurations = (
				B0E3040F2C733E2B00E0877C /* Debug */,
				B0E304102C733E2B00E0877C /* Release */,
			);
			defaultConfigurationIsVisible = 0;
			defaultConfigurationName = Release;
		};
		B0E304112C733E2B00E0877C /* Build configuration list for PBXNativeTarget "sports-bets-ios" */ = {
			isa = XCConfigurationList;
			buildConfigurations = (
				B0E304122C733E2B00E0877C /* Debug */,
				B0E304132C733E2B00E0877C /* Release */,
			);
			defaultConfigurationIsVisible = 0;
			defaultConfigurationName = Release;
		};
		B0E304142C733E2B00E0877C /* Build configuration list for PBXNativeTarget "sports-bets-iosTests" */ = {
			isa = XCConfigurationList;
			buildConfigurations = (
				B0E304152C733E2B00E0877C /* Debug */,
				B0E304162C733E2B00E0877C /* Release */,
			);
			defaultConfigurationIsVisible = 0;
			defaultConfigurationName = Release;
		};
		B0E304172C733E2B00E0877C /* Build configuration list for PBXNativeTarget "sports-bets-iosUITests" */ = {
			isa = XCConfigurationList;
			buildConfigurations = (
				B0E304182C733E2B00E0877C /* Debug */,
				B0E304192C733E2B00E0877C /* Release */,
			);
			defaultConfigurationIsVisible = 0;
			defaultConfigurationName = Release;
		};
/* End XCConfigurationList section */
	};
	rootObject = B0E303E32C733E2900E0877C /* Project object */;
}
